
Microsoft Visual Studio Solution File, Format Version 12.00
# Visual Studio Version 16
VisualStudioVersion = 16.0.35731.53
MinimumVisualStudioVersion = 10.0.40219.1
Project("{FAE04EC0-301F-11D3-BF4B-00C04F79EFBC}") = "ArraysBidimensional", "ArraysBidimensional.csproj", "{EA832890-D8F0-46CB-BB43-432566A64291}"
EndProject
Global
	GlobalSection(SolutionConfigurationPlatforms) = preSolution
		Debug|Any CPU = Debug|Any CPU
		Release|Any CPU = Release|Any CPU
	EndGlobalSection
	GlobalSection(ProjectConfigurationPlatforms) = postSolution
		{EA832890-D8F0-46CB-BB43-432566A64291}.Debug|Any CPU.ActiveCfg = Debug|Any CPU
		{EA832890-D8F0-46CB-BB43-432566A64291}.Debug|Any CPU.Build.0 = Debug|Any CPU
		{EA832890-D8F0-46CB-BB43-432566A64291}.Release|Any CPU.ActiveCfg = Release|Any CPU
		{EA832890-D8F0-46CB-BB43-432566A64291}.Release|Any CPU.Build.0 = Release|Any CPU
	EndGlobalSection
	GlobalSection(SolutionProperties) = preSolution
		HideSolutionNode = FALSE
	EndGlobalSection
	GlobalSection(ExtensibilityGlobals) = postSolution
		SolutionGuid = {616F6558-6CE8-453D-91AD-49B4793C57CE}
	EndGlobalSection
EndGlobal
