
Microsoft Visual Studio Solution File, Format Version 12.00
# Visual Studio Version 16
VisualStudioVersion = 16.0.35731.53
MinimumVisualStudioVersion = 10.0.40219.1
Project("{FAE04EC0-301F-11D3-BF4B-00C04F79EFBC}") = "Calculadora com design", "Calculadora com design.csproj", "{81F129BA-206F-454C-A2CD-B8E9AF587483}"
EndProject
Global
	GlobalSection(SolutionConfigurationPlatforms) = preSolution
		Debug|Any CPU = Debug|Any CPU
		Release|Any CPU = Release|Any CPU
	EndGlobalSection
	GlobalSection(ProjectConfigurationPlatforms) = postSolution
		{81F129BA-206F-454C-A2CD-B8E9AF587483}.Debug|Any CPU.ActiveCfg = Debug|Any CPU
		{81F129BA-206F-454C-A2CD-B8E9AF587483}.Debug|Any CPU.Build.0 = Debug|Any CPU
		{81F129BA-206F-454C-A2CD-B8E9AF587483}.Release|Any CPU.ActiveCfg = Release|Any CPU
		{81F129BA-206F-454C-A2CD-B8E9AF587483}.Release|Any CPU.Build.0 = Release|Any CPU
	EndGlobalSection
	GlobalSection(SolutionProperties) = preSolution
		HideSolutionNode = FALSE
	EndGlobalSection
	GlobalSection(ExtensibilityGlobals) = postSolution
		SolutionGuid = {5D409F46-E832-4B35-85B7-B9E7A5530492}
	EndGlobalSection
EndGlobal
